// !$*UTF8*$!
{
	archiveVersion = 1;
	classes = {
	};
	objectVersion = 55;
	objects = {

/* Begin PBXBuildFile section */
		5A450545277A59AB00508FB4 /* GoogleService-Info.plist in Resources */ = {isa = PBXBuildFile; fileRef = 5A450544277A59AB00508FB4 /* GoogleService-Info.plist */; };
		5A450559277A8B8100508FB4 /* User.swift in Sources */ = {isa = PBXBuildFile; fileRef = 5A450558277A8B8100508FB4 /* User.swift */; };
		5A45055B277B427600508FB4 /* UserViewModel.swift in Sources */ = {isa = PBXBuildFile; fileRef = 5A45055A277B427600508FB4 /* UserViewModel.swift */; };
		5A45055D277B93E900508FB4 /* DashboardWithFirebase.swift in Sources */ = {isa = PBXBuildFile; fileRef = 5A45055C277B93E900508FB4 /* DashboardWithFirebase.swift */; };
		5A450560277D138700508FB4 /* FirebaseAnalytics in Frameworks */ = {isa = PBXBuildFile; productRef = 5A45055F277D138700508FB4 /* FirebaseAnalytics */; };
		5A450562277D138700508FB4 /* FirebaseAnalyticsSwift-Beta in Frameworks */ = {isa = PBXBuildFile; productRef = 5A450561277D138700508FB4 /* FirebaseAnalyticsSwift-Beta */; };
		5A450564277D138700508FB4 /* FirebaseAnalyticsWithoutAdIdSupport in Frameworks */ = {isa = PBXBuildFile; productRef = 5A450563277D138700508FB4 /* FirebaseAnalyticsWithoutAdIdSupport */; };
		5A450566277D138700508FB4 /* FirebaseAppCheck in Frameworks */ = {isa = PBXBuildFile; productRef = 5A450565277D138700508FB4 /* FirebaseAppCheck */; };
		5A450568277D138700508FB4 /* FirebaseAppDistribution-Beta in Frameworks */ = {isa = PBXBuildFile; productRef = 5A450567277D138700508FB4 /* FirebaseAppDistribution-Beta */; };
		5A45056A277D138700508FB4 /* FirebaseAuth in Frameworks */ = {isa = PBXBuildFile; productRef = 5A450569277D138700508FB4 /* FirebaseAuth */; };
		5A45056C277D138700508FB4 /* FirebaseAuthCombine-Community in Frameworks */ = {isa = PBXBuildFile; productRef = 5A45056B277D138700508FB4 /* FirebaseAuthCombine-Community */; };
		5A45056E277D138700508FB4 /* FirebaseCrashlytics in Frameworks */ = {isa = PBXBuildFile; productRef = 5A45056D277D138700508FB4 /* FirebaseCrashlytics */; };
		5A450570277D138700508FB4 /* FirebaseDatabase in Frameworks */ = {isa = PBXBuildFile; productRef = 5A45056F277D138700508FB4 /* FirebaseDatabase */; };
		5A450572277D138700508FB4 /* FirebaseDatabaseSwift-Beta in Frameworks */ = {isa = PBXBuildFile; productRef = 5A450571277D138700508FB4 /* FirebaseDatabaseSwift-Beta */; };
		5A450574277D138700508FB4 /* FirebaseDynamicLinks in Frameworks */ = {isa = PBXBuildFile; productRef = 5A450573277D138700508FB4 /* FirebaseDynamicLinks */; };
		5A450576277D138700508FB4 /* FirebaseFirestore in Frameworks */ = {isa = PBXBuildFile; productRef = 5A450575277D138700508FB4 /* FirebaseFirestore */; };
		5A450578277D138700508FB4 /* FirebaseFirestoreCombine-Community in Frameworks */ = {isa = PBXBuildFile; productRef = 5A450577277D138700508FB4 /* FirebaseFirestoreCombine-Community */; };
		5A45057A277D138700508FB4 /* FirebaseFirestoreSwift-Beta in Frameworks */ = {isa = PBXBuildFile; productRef = 5A450579277D138700508FB4 /* FirebaseFirestoreSwift-Beta */; };
		5A45057C277D138700508FB4 /* FirebaseFunctions in Frameworks */ = {isa = PBXBuildFile; productRef = 5A45057B277D138700508FB4 /* FirebaseFunctions */; };
		5A45057E277D138700508FB4 /* FirebaseFunctionsCombine-Community in Frameworks */ = {isa = PBXBuildFile; productRef = 5A45057D277D138700508FB4 /* FirebaseFunctionsCombine-Community */; };
		5A450580277D138700508FB4 /* FirebaseInAppMessaging-Beta in Frameworks */ = {isa = PBXBuildFile; productRef = 5A45057F277D138700508FB4 /* FirebaseInAppMessaging-Beta */; };
		5A450582277D138700508FB4 /* FirebaseInAppMessagingSwift-Beta in Frameworks */ = {isa = PBXBuildFile; productRef = 5A450581277D138700508FB4 /* FirebaseInAppMessagingSwift-Beta */; };
		5A450584277D138700508FB4 /* FirebaseInstallations in Frameworks */ = {isa = PBXBuildFile; productRef = 5A450583277D138700508FB4 /* FirebaseInstallations */; };
		5A450586277D138700508FB4 /* FirebaseMLModelDownloader in Frameworks */ = {isa = PBXBuildFile; productRef = 5A450585277D138700508FB4 /* FirebaseMLModelDownloader */; };
		5A450588277D138700508FB4 /* FirebaseMessaging in Frameworks */ = {isa = PBXBuildFile; productRef = 5A450587277D138700508FB4 /* FirebaseMessaging */; };
		5A45058A277D138700508FB4 /* FirebasePerformance in Frameworks */ = {isa = PBXBuildFile; productRef = 5A450589277D138700508FB4 /* FirebasePerformance */; };
		5A45058C277D138700508FB4 /* FirebaseRemoteConfig in Frameworks */ = {isa = PBXBuildFile; productRef = 5A45058B277D138700508FB4 /* FirebaseRemoteConfig */; };
		5A45058E277D138700508FB4 /* FirebaseStorage in Frameworks */ = {isa = PBXBuildFile; productRef = 5A45058D277D138700508FB4 /* FirebaseStorage */; };
		5A450590277D138700508FB4 /* FirebaseStorageCombine-Community in Frameworks */ = {isa = PBXBuildFile; productRef = 5A45058F277D138700508FB4 /* FirebaseStorageCombine-Community */; };
		5A450592277D138700508FB4 /* FirebaseStorageSwift-Beta in Frameworks */ = {isa = PBXBuildFile; productRef = 5A450591277D138700508FB4 /* FirebaseStorageSwift-Beta */; };
		5A45059A277D2CAC00508FB4 /* WidgetKit.framework in Frameworks */ = {isa = PBXBuildFile; fileRef = 5A450599277D2CAC00508FB4 /* WidgetKit.framework */; };
		5A45059C277D2CAC00508FB4 /* SwiftUI.framework in Frameworks */ = {isa = PBXBuildFile; fileRef = 5A45059B277D2CAC00508FB4 /* SwiftUI.framework */; };
		5A45059F277D2CAC00508FB4 /* Fitness_Challenge_Widget.swift in Sources */ = {isa = PBXBuildFile; fileRef = 5A45059E277D2CAC00508FB4 /* Fitness_Challenge_Widget.swift */; };
		5A4505A2277D2CAE00508FB4 /* Assets.xcassets in Resources */ = {isa = PBXBuildFile; fileRef = 5A4505A1277D2CAE00508FB4 /* Assets.xcassets */; };
		5A4505A4277D2CAE00508FB4 /* Fitness_Challenge_Widget.intentdefinition in Sources */ = {isa = PBXBuildFile; fileRef = 5A4505A0277D2CAC00508FB4 /* Fitness_Challenge_Widget.intentdefinition */; };
		5A4505A5277D2CAE00508FB4 /* Fitness_Challenge_Widget.intentdefinition in Sources */ = {isa = PBXBuildFile; fileRef = 5A4505A0277D2CAC00508FB4 /* Fitness_Challenge_Widget.intentdefinition */; };
		5A4505A8277D2CAE00508FB4 /* Fitness Challenge WidgetExtension.appex in Embed App Extensions */ = {isa = PBXBuildFile; fileRef = 5A450597277D2CAC00508FB4 /* Fitness Challenge WidgetExtension.appex */; settings = {ATTRIBUTES = (RemoveHeadersOnCopy, ); }; };
		5A4505AD277D2FB100508FB4 /* Assets.xcassets in Resources */ = {isa = PBXBuildFile; fileRef = 5AF252382720E27B00D5C1CE /* Assets.xcassets */; };
		5AF252352720E27900D5C1CE /* Fitness_ChallengeApp.swift in Sources */ = {isa = PBXBuildFile; fileRef = 5AF252342720E27900D5C1CE /* Fitness_ChallengeApp.swift */; };
		5AF252372720E27900D5C1CE /* ContentView.swift in Sources */ = {isa = PBXBuildFile; fileRef = 5AF252362720E27900D5C1CE /* ContentView.swift */; };
		5AF252392720E27B00D5C1CE /* Assets.xcassets in Resources */ = {isa = PBXBuildFile; fileRef = 5AF252382720E27B00D5C1CE /* Assets.xcassets */; };
		5AF2523C2720E27B00D5C1CE /* Preview Assets.xcassets in Resources */ = {isa = PBXBuildFile; fileRef = 5AF2523B2720E27B00D5C1CE /* Preview Assets.xcassets */; };
		5AF2523E2720E27B00D5C1CE /* Persistence.swift in Sources */ = {isa = PBXBuildFile; fileRef = 5AF2523D2720E27B00D5C1CE /* Persistence.swift */; };
		5AF252412720E27B00D5C1CE /* Fitness_Challenge.xcdatamodeld in Sources */ = {isa = PBXBuildFile; fileRef = 5AF2523F2720E27B00D5C1CE /* Fitness_Challenge.xcdatamodeld */; };
		5AF252482720E3C300D5C1CE /* Dashboard.swift in Sources */ = {isa = PBXBuildFile; fileRef = 5AF252472720E3C300D5C1CE /* Dashboard.swift */; };
/* End PBXBuildFile section */

/* Begin PBXContainerItemProxy section */
		5A4505A6277D2CAE00508FB4 /* PBXContainerItemProxy */ = {
			isa = PBXContainerItemProxy;
			containerPortal = 5AF252292720E27900D5C1CE /* Project object */;
			proxyType = 1;
			remoteGlobalIDString = 5A450596277D2CAC00508FB4;
			remoteInfo = "Fitness Challenge WidgetExtension";
		};
/* End PBXContainerItemProxy section */

/* Begin PBXCopyFilesBuildPhase section */
		5A4505AC277D2CAE00508FB4 /* Embed App Extensions */ = {
			isa = PBXCopyFilesBuildPhase;
			buildActionMask = 2147483647;
			dstPath = "";
			dstSubfolderSpec = 13;
			files = (
				5A4505A8277D2CAE00508FB4 /* Fitness Challenge WidgetExtension.appex in Embed App Extensions */,
			);
			name = "Embed App Extensions";
			runOnlyForDeploymentPostprocessing = 0;
		};
/* End PBXCopyFilesBuildPhase section */

/* Begin PBXFileReference section */
		5A450544277A59AB00508FB4 /* GoogleService-Info.plist */ = {isa = PBXFileReference; fileEncoding = 4; lastKnownFileType = text.plist.xml; path = "GoogleService-Info.plist"; sourceTree = "<group>"; };
		5A450558277A8B8100508FB4 /* User.swift */ = {isa = PBXFileReference; lastKnownFileType = sourcecode.swift; path = User.swift; sourceTree = "<group>"; };
		5A45055A277B427600508FB4 /* UserViewModel.swift */ = {isa = PBXFileReference; lastKnownFileType = sourcecode.swift; path = UserViewModel.swift; sourceTree = "<group>"; };
		5A45055C277B93E900508FB4 /* DashboardWithFirebase.swift */ = {isa = PBXFileReference; lastKnownFileType = sourcecode.swift; path = DashboardWithFirebase.swift; sourceTree = "<group>"; };
		5A450597277D2CAC00508FB4 /* Fitness Challenge WidgetExtension.appex */ = {isa = PBXFileReference; explicitFileType = "wrapper.app-extension"; includeInIndex = 0; path = "Fitness Challenge WidgetExtension.appex"; sourceTree = BUILT_PRODUCTS_DIR; };
		5A450599277D2CAC00508FB4 /* WidgetKit.framework */ = {isa = PBXFileReference; lastKnownFileType = wrapper.framework; name = WidgetKit.framework; path = System/Library/Frameworks/WidgetKit.framework; sourceTree = SDKROOT; };
		5A45059B277D2CAC00508FB4 /* SwiftUI.framework */ = {isa = PBXFileReference; lastKnownFileType = wrapper.framework; name = SwiftUI.framework; path = System/Library/Frameworks/SwiftUI.framework; sourceTree = SDKROOT; };
		5A45059E277D2CAC00508FB4 /* Fitness_Challenge_Widget.swift */ = {isa = PBXFileReference; lastKnownFileType = sourcecode.swift; path = Fitness_Challenge_Widget.swift; sourceTree = "<group>"; };
		5A4505A0277D2CAC00508FB4 /* Fitness_Challenge_Widget.intentdefinition */ = {isa = PBXFileReference; lastKnownFileType = file.intentdefinition; path = Fitness_Challenge_Widget.intentdefinition; sourceTree = "<group>"; };
		5A4505A1277D2CAE00508FB4 /* Assets.xcassets */ = {isa = PBXFileReference; lastKnownFileType = folder.assetcatalog; path = Assets.xcassets; sourceTree = "<group>"; };
		5A4505A3277D2CAE00508FB4 /* Info.plist */ = {isa = PBXFileReference; lastKnownFileType = text.plist.xml; path = Info.plist; sourceTree = "<group>"; };
		5AF252312720E27900D5C1CE /* Fitness Challenge.app */ = {isa = PBXFileReference; explicitFileType = wrapper.application; includeInIndex = 0; path = "Fitness Challenge.app"; sourceTree = BUILT_PRODUCTS_DIR; };
		5AF252342720E27900D5C1CE /* Fitness_ChallengeApp.swift */ = {isa = PBXFileReference; lastKnownFileType = sourcecode.swift; path = Fitness_ChallengeApp.swift; sourceTree = "<group>"; };
		5AF252362720E27900D5C1CE /* ContentView.swift */ = {isa = PBXFileReference; lastKnownFileType = sourcecode.swift; path = ContentView.swift; sourceTree = "<group>"; };
		5AF252382720E27B00D5C1CE /* Assets.xcassets */ = {isa = PBXFileReference; lastKnownFileType = folder.assetcatalog; path = Assets.xcassets; sourceTree = "<group>"; };
		5AF2523B2720E27B00D5C1CE /* Preview Assets.xcassets */ = {isa = PBXFileReference; lastKnownFileType = folder.assetcatalog; path = "Preview Assets.xcassets"; sourceTree = "<group>"; };
		5AF2523D2720E27B00D5C1CE /* Persistence.swift */ = {isa = PBXFileReference; lastKnownFileType = sourcecode.swift; path = Persistence.swift; sourceTree = "<group>"; };
		5AF252402720E27B00D5C1CE /* Fitness_Challenge.xcdatamodel */ = {isa = PBXFileReference; lastKnownFileType = wrapper.xcdatamodel; path = Fitness_Challenge.xcdatamodel; sourceTree = "<group>"; };
		5AF252472720E3C300D5C1CE /* Dashboard.swift */ = {isa = PBXFileReference; lastKnownFileType = sourcecode.swift; path = Dashboard.swift; sourceTree = "<group>"; };
/* End PBXFileReference section */

/* Begin PBXFrameworksBuildPhase section */
		5A450594277D2CAC00508FB4 /* Frameworks */ = {
			isa = PBXFrameworksBuildPhase;
			buildActionMask = 2147483647;
			files = (
				5A45059C277D2CAC00508FB4 /* SwiftUI.framework in Frameworks */,
				5A45059A277D2CAC00508FB4 /* WidgetKit.framework in Frameworks */,
			);
			runOnlyForDeploymentPostprocessing = 0;
		};
		5AF2522E2720E27900D5C1CE /* Frameworks */ = {
			isa = PBXFrameworksBuildPhase;
			buildActionMask = 2147483647;
			files = (
				5A45058A277D138700508FB4 /* FirebasePerformance in Frameworks */,
				5A450578277D138700508FB4 /* FirebaseFirestoreCombine-Community in Frameworks */,
				5A450572277D138700508FB4 /* FirebaseDatabaseSwift-Beta in Frameworks */,
				5A450574277D138700508FB4 /* FirebaseDynamicLinks in Frameworks */,
				5A450566277D138700508FB4 /* FirebaseAppCheck in Frameworks */,
				5A45058E277D138700508FB4 /* FirebaseStorage in Frameworks */,
				5A45056A277D138700508FB4 /* FirebaseAuth in Frameworks */,
				5A450592277D138700508FB4 /* FirebaseStorageSwift-Beta in Frameworks */,
				5A450580277D138700508FB4 /* FirebaseInAppMessaging-Beta in Frameworks */,
				5A450562277D138700508FB4 /* FirebaseAnalyticsSwift-Beta in Frameworks */,
				5A450586277D138700508FB4 /* FirebaseMLModelDownloader in Frameworks */,
				5A450576277D138700508FB4 /* FirebaseFirestore in Frameworks */,
				5A450588277D138700508FB4 /* FirebaseMessaging in Frameworks */,
				5A450584277D138700508FB4 /* FirebaseInstallations in Frameworks */,
				5A45057E277D138700508FB4 /* FirebaseFunctionsCombine-Community in Frameworks */,
				5A450568277D138700508FB4 /* FirebaseAppDistribution-Beta in Frameworks */,
				5A450564277D138700508FB4 /* FirebaseAnalyticsWithoutAdIdSupport in Frameworks */,
				5A45057A277D138700508FB4 /* FirebaseFirestoreSwift-Beta in Frameworks */,
				5A45056E277D138700508FB4 /* FirebaseCrashlytics in Frameworks */,
				5A450570277D138700508FB4 /* FirebaseDatabase in Frameworks */,
				5A45058C277D138700508FB4 /* FirebaseRemoteConfig in Frameworks */,
				5A45057C277D138700508FB4 /* FirebaseFunctions in Frameworks */,
				5A45056C277D138700508FB4 /* FirebaseAuthCombine-Community in Frameworks */,
				5A450590277D138700508FB4 /* FirebaseStorageCombine-Community in Frameworks */,
				5A450582277D138700508FB4 /* FirebaseInAppMessagingSwift-Beta in Frameworks */,
				5A450560277D138700508FB4 /* FirebaseAnalytics in Frameworks */,
			);
			runOnlyForDeploymentPostprocessing = 0;
		};
/* End PBXFrameworksBuildPhase section */

/* Begin PBXGroup section */
		5A450555277A896F00508FB4 /* Views */ = {
			isa = PBXGroup;
			children = (
				5AF252472720E3C300D5C1CE /* Dashboard.swift */,
				5A45055C277B93E900508FB4 /* DashboardWithFirebase.swift */,
				5AF252362720E27900D5C1CE /* ContentView.swift */,
			);
			path = Views;
			sourceTree = "<group>";
		};
		5A450556277A899B00508FB4 /* ViewModels */ = {
			isa = PBXGroup;
			children = (
				5A45055A277B427600508FB4 /* UserViewModel.swift */,
			);
			path = ViewModels;
			sourceTree = "<group>";
		};
		5A450557277A89B000508FB4 /* Models */ = {
			isa = PBXGroup;
			children = (
				5A450558277A8B8100508FB4 /* User.swift */,
			);
			path = Models;
			sourceTree = "<group>";
		};
		5A450598277D2CAC00508FB4 /* Frameworks */ = {
			isa = PBXGroup;
			children = (
				5A450599277D2CAC00508FB4 /* WidgetKit.framework */,
				5A45059B277D2CAC00508FB4 /* SwiftUI.framework */,
			);
			name = Frameworks;
			sourceTree = "<group>";
		};
		5A45059D277D2CAC00508FB4 /* Fitness Challenge Widget */ = {
			isa = PBXGroup;
			children = (
				5A45059E277D2CAC00508FB4 /* Fitness_Challenge_Widget.swift */,
				5A4505A0277D2CAC00508FB4 /* Fitness_Challenge_Widget.intentdefinition */,
				5A4505A1277D2CAE00508FB4 /* Assets.xcassets */,
				5A4505A3277D2CAE00508FB4 /* Info.plist */,
			);
			path = "Fitness Challenge Widget";
			sourceTree = "<group>";
		};
		5AF252282720E27900D5C1CE = {
			isa = PBXGroup;
			children = (
				5AF252332720E27900D5C1CE /* Fitness Challenge */,
				5A45059D277D2CAC00508FB4 /* Fitness Challenge Widget */,
				5A450598277D2CAC00508FB4 /* Frameworks */,
				5AF252322720E27900D5C1CE /* Products */,
			);
			sourceTree = "<group>";
		};
		5AF252322720E27900D5C1CE /* Products */ = {
			isa = PBXGroup;
			children = (
				5AF252312720E27900D5C1CE /* Fitness Challenge.app */,
				5A450597277D2CAC00508FB4 /* Fitness Challenge WidgetExtension.appex */,
			);
			name = Products;
			sourceTree = "<group>";
		};
		5AF252332720E27900D5C1CE /* Fitness Challenge */ = {
			isa = PBXGroup;
			children = (
				5AF252342720E27900D5C1CE /* Fitness_ChallengeApp.swift */,
				5A450555277A896F00508FB4 /* Views */,
				5A450556277A899B00508FB4 /* ViewModels */,
				5A450557277A89B000508FB4 /* Models */,
				5AF252382720E27B00D5C1CE /* Assets.xcassets */,
				5AF2523D2720E27B00D5C1CE /* Persistence.swift */,
				5AF2523F2720E27B00D5C1CE /* Fitness_Challenge.xcdatamodeld */,
				5A450544277A59AB00508FB4 /* GoogleService-Info.plist */,
				5AF2523A2720E27B00D5C1CE /* Preview Content */,
			);
			path = "Fitness Challenge";
			sourceTree = "<group>";
		};
		5AF2523A2720E27B00D5C1CE /* Preview Content */ = {
			isa = PBXGroup;
			children = (
				5AF2523B2720E27B00D5C1CE /* Preview Assets.xcassets */,
			);
			path = "Preview Content";
			sourceTree = "<group>";
		};
/* End PBXGroup section */

/* Begin PBXNativeTarget section */
		5A450596277D2CAC00508FB4 /* Fitness Challenge WidgetExtension */ = {
			isa = PBXNativeTarget;
			buildConfigurationList = 5A4505A9277D2CAE00508FB4 /* Build configuration list for PBXNativeTarget "Fitness Challenge WidgetExtension" */;
			buildPhases = (
				5A450593277D2CAC00508FB4 /* Sources */,
				5A450594277D2CAC00508FB4 /* Frameworks */,
				5A450595277D2CAC00508FB4 /* Resources */,
			);
			buildRules = (
			);
			dependencies = (
			);
			name = "Fitness Challenge WidgetExtension";
			productName = "Fitness Challenge WidgetExtension";
			productReference = 5A450597277D2CAC00508FB4 /* Fitness Challenge WidgetExtension.appex */;
			productType = "com.apple.product-type.app-extension";
		};
		5AF252302720E27900D5C1CE /* Fitness Challenge */ = {
			isa = PBXNativeTarget;
			buildConfigurationList = 5AF252442720E27B00D5C1CE /* Build configuration list for PBXNativeTarget "Fitness Challenge" */;
			buildPhases = (
				5AF2522D2720E27900D5C1CE /* Sources */,
				5AF2522E2720E27900D5C1CE /* Frameworks */,
				5AF2522F2720E27900D5C1CE /* Resources */,
				5A4505AC277D2CAE00508FB4 /* Embed App Extensions */,
			);
			buildRules = (
			);
			dependencies = (
				5A4505A7277D2CAE00508FB4 /* PBXTargetDependency */,
			);
			name = "Fitness Challenge";
			packageProductDependencies = (
				5A45055F277D138700508FB4 /* FirebaseAnalytics */,
				5A450561277D138700508FB4 /* FirebaseAnalyticsSwift-Beta */,
				5A450563277D138700508FB4 /* FirebaseAnalyticsWithoutAdIdSupport */,
				5A450565277D138700508FB4 /* FirebaseAppCheck */,
				5A450567277D138700508FB4 /* FirebaseAppDistribution-Beta */,
				5A450569277D138700508FB4 /* FirebaseAuth */,
				5A45056B277D138700508FB4 /* FirebaseAuthCombine-Community */,
				5A45056D277D138700508FB4 /* FirebaseCrashlytics */,
				5A45056F277D138700508FB4 /* FirebaseDatabase */,
				5A450571277D138700508FB4 /* FirebaseDatabaseSwift-Beta */,
				5A450573277D138700508FB4 /* FirebaseDynamicLinks */,
				5A450575277D138700508FB4 /* FirebaseFirestore */,
				5A450577277D138700508FB4 /* FirebaseFirestoreCombine-Community */,
				5A450579277D138700508FB4 /* FirebaseFirestoreSwift-Beta */,
				5A45057B277D138700508FB4 /* FirebaseFunctions */,
				5A45057D277D138700508FB4 /* FirebaseFunctionsCombine-Community */,
				5A45057F277D138700508FB4 /* FirebaseInAppMessaging-Beta */,
				5A450581277D138700508FB4 /* FirebaseInAppMessagingSwift-Beta */,
				5A450583277D138700508FB4 /* FirebaseInstallations */,
				5A450585277D138700508FB4 /* FirebaseMLModelDownloader */,
				5A450587277D138700508FB4 /* FirebaseMessaging */,
				5A450589277D138700508FB4 /* FirebasePerformance */,
				5A45058B277D138700508FB4 /* FirebaseRemoteConfig */,
				5A45058D277D138700508FB4 /* FirebaseStorage */,
				5A45058F277D138700508FB4 /* FirebaseStorageCombine-Community */,
				5A450591277D138700508FB4 /* FirebaseStorageSwift-Beta */,
			);
			productName = "Fitness Challenge";
			productReference = 5AF252312720E27900D5C1CE /* Fitness Challenge.app */;
			productType = "com.apple.product-type.application";
		};
/* End PBXNativeTarget section */

/* Begin PBXProject section */
		5AF252292720E27900D5C1CE /* Project object */ = {
			isa = PBXProject;
			attributes = {
				BuildIndependentTargetsInParallel = 1;
				LastSwiftUpdateCheck = 1320;
				LastUpgradeCheck = 1300;
				TargetAttributes = {
					5A450596277D2CAC00508FB4 = {
						CreatedOnToolsVersion = 13.2.1;
					};
					5AF252302720E27900D5C1CE = {
						CreatedOnToolsVersion = 13.0;
					};
				};
			};
			buildConfigurationList = 5AF2522C2720E27900D5C1CE /* Build configuration list for PBXProject "Fitness Challenge" */;
			compatibilityVersion = "Xcode 13.0";
			developmentRegion = en;
			hasScannedForEncodings = 0;
			knownRegions = (
				en,
				Base,
			);
			mainGroup = 5AF252282720E27900D5C1CE;
			packageReferences = (
				5A45055E277D138700508FB4 /* XCRemoteSwiftPackageReference "firebase-ios-sdk" */,
			);
			productRefGroup = 5AF252322720E27900D5C1CE /* Products */;
			projectDirPath = "";
			projectRoot = "";
			targets = (
				5AF252302720E27900D5C1CE /* Fitness Challenge */,
				5A450596277D2CAC00508FB4 /* Fitness Challenge WidgetExtension */,
			);
		};
/* End PBXProject section */

/* Begin PBXResourcesBuildPhase section */
		5A450595277D2CAC00508FB4 /* Resources */ = {
			isa = PBXResourcesBuildPhase;
			buildActionMask = 2147483647;
			files = (
				5A4505AD277D2FB100508FB4 /* Assets.xcassets in Resources */,
				5A4505A2277D2CAE00508FB4 /* Assets.xcassets in Resources */,
			);
			runOnlyForDeploymentPostprocessing = 0;
		};
		5AF2522F2720E27900D5C1CE /* Resources */ = {
			isa = PBXResourcesBuildPhase;
			buildActionMask = 2147483647;
			files = (
				5AF2523C2720E27B00D5C1CE /* Preview Assets.xcassets in Resources */,
				5AF252392720E27B00D5C1CE /* Assets.xcassets in Resources */,
				5A450545277A59AB00508FB4 /* GoogleService-Info.plist in Resources */,
			);
			runOnlyForDeploymentPostprocessing = 0;
		};
/* End PBXResourcesBuildPhase section */

/* Begin PBXSourcesBuildPhase section */
		5A450593277D2CAC00508FB4 /* Sources */ = {
			isa = PBXSourcesBuildPhase;
			buildActionMask = 2147483647;
			files = (
				5A45059F277D2CAC00508FB4 /* Fitness_Challenge_Widget.swift in Sources */,
				5A4505A4277D2CAE00508FB4 /* Fitness_Challenge_Widget.intentdefinition in Sources */,
			);
			runOnlyForDeploymentPostprocessing = 0;
		};
		5AF2522D2720E27900D5C1CE /* Sources */ = {
			isa = PBXSourcesBuildPhase;
			buildActionMask = 2147483647;
			files = (
				5AF252412720E27B00D5C1CE /* Fitness_Challenge.xcdatamodeld in Sources */,
				5AF2523E2720E27B00D5C1CE /* Persistence.swift in Sources */,
				5A4505A5277D2CAE00508FB4 /* Fitness_Challenge_Widget.intentdefinition in Sources */,
				5A450559277A8B8100508FB4 /* User.swift in Sources */,
				5A45055D277B93E900508FB4 /* DashboardWithFirebase.swift in Sources */,
				5AF252482720E3C300D5C1CE /* Dashboard.swift in Sources */,
				5AF252372720E27900D5C1CE /* ContentView.swift in Sources */,
				5A45055B277B427600508FB4 /* UserViewModel.swift in Sources */,
				5AF252352720E27900D5C1CE /* Fitness_ChallengeApp.swift in Sources */,
			);
			runOnlyForDeploymentPostprocessing = 0;
		};
/* End PBXSourcesBuildPhase section */

/* Begin PBXTargetDependency section */
		5A4505A7277D2CAE00508FB4 /* PBXTargetDependency */ = {
			isa = PBXTargetDependency;
			target = 5A450596277D2CAC00508FB4 /* Fitness Challenge WidgetExtension */;
			targetProxy = 5A4505A6277D2CAE00508FB4 /* PBXContainerItemProxy */;
		};
/* End PBXTargetDependency section */

/* Begin XCBuildConfiguration section */
		5A4505AA277D2CAE00508FB4 /* Debug */ = {
			isa = XCBuildConfiguration;
			buildSettings = {
				ASSETCATALOG_COMPILER_GLOBAL_ACCENT_COLOR_NAME = AccentColor;
				ASSETCATALOG_COMPILER_WIDGET_BACKGROUND_COLOR_NAME = WidgetBackground;
				CODE_SIGN_STYLE = Automatic;
				CURRENT_PROJECT_VERSION = 1;
				DEVELOPMENT_TEAM = FHC8TY7TG6;
				GENERATE_INFOPLIST_FILE = YES;
				INFOPLIST_FILE = "Fitness Challenge Widget/Info.plist";
				INFOPLIST_KEY_CFBundleDisplayName = "Fitness Challenge Widget";
				INFOPLIST_KEY_NSHumanReadableCopyright = "";
				IPHONEOS_DEPLOYMENT_TARGET = 15.2;
				LD_RUNPATH_SEARCH_PATHS = (
					"$(inherited)",
					"@executable_path/Frameworks",
					"@executable_path/../../Frameworks",
				);
				MARKETING_VERSION = 1.0;
				PRODUCT_BUNDLE_IDENTIFIER = "net.davepope.Fitness-Challenge.Fitness-Challenge-Widget";
				PRODUCT_NAME = "$(TARGET_NAME)";
				SKIP_INSTALL = YES;
				SWIFT_EMIT_LOC_STRINGS = YES;
				SWIFT_VERSION = 5.0;
				TARGETED_DEVICE_FAMILY = "1,2";
			};
			name = Debug;
		};
		5A4505AB277D2CAE00508FB4 /* Release */ = {
			isa = XCBuildConfiguration;
			buildSettings = {
				ASSETCATALOG_COMPILER_GLOBAL_ACCENT_COLOR_NAME = AccentColor;
				ASSETCATALOG_COMPILER_WIDGET_BACKGROUND_COLOR_NAME = WidgetBackground;
				CODE_SIGN_STYLE = Automatic;
				CURRENT_PROJECT_VERSION = 1;
				DEVELOPMENT_TEAM = FHC8TY7TG6;
				GENERATE_INFOPLIST_FILE = YES;
				INFOPLIST_FILE = "Fitness Challenge Widget/Info.plist";
				INFOPLIST_KEY_CFBundleDisplayName = "Fitness Challenge Widget";
				INFOPLIST_KEY_NSHumanReadableCopyright = "";
				IPHONEOS_DEPLOYMENT_TARGET = 15.2;
				LD_RUNPATH_SEARCH_PATHS = (
					"$(inherited)",
					"@executable_path/Frameworks",
					"@executable_path/../../Frameworks",
				);
				MARKETING_VERSION = 1.0;
				PRODUCT_BUNDLE_IDENTIFIER = "net.davepope.Fitness-Challenge.Fitness-Challenge-Widget";
				PRODUCT_NAME = "$(TARGET_NAME)";
				SKIP_INSTALL = YES;
				SWIFT_EMIT_LOC_STRINGS = YES;
				SWIFT_VERSION = 5.0;
				TARGETED_DEVICE_FAMILY = "1,2";
			};
			name = Release;
		};
		5AF252422720E27B00D5C1CE /* Debug */ = {
			isa = XCBuildConfiguration;
			buildSettings = {
				ALWAYS_SEARCH_USER_PATHS = NO;
				CLANG_ANALYZER_NONNULL = YES;
				CLANG_ANALYZER_NUMBER_OBJECT_CONVERSION = YES_AGGRESSIVE;
				CLANG_CXX_LANGUAGE_STANDARD = "gnu++17";
				CLANG_CXX_LIBRARY = "libc++";
				CLANG_ENABLE_MODULES = YES;
				CLANG_ENABLE_OBJC_ARC = YES;
				CLANG_ENABLE_OBJC_WEAK = YES;
				CLANG_WARN_BLOCK_CAPTURE_AUTORELEASING = YES;
				CLANG_WARN_BOOL_CONVERSION = YES;
				CLANG_WARN_COMMA = YES;
				CLANG_WARN_CONSTANT_CONVERSION = YES;
				CLANG_WARN_DEPRECATED_OBJC_IMPLEMENTATIONS = YES;
				CLANG_WARN_DIRECT_OBJC_ISA_USAGE = YES_ERROR;
				CLANG_WARN_DOCUMENTATION_COMMENTS = YES;
				CLANG_WARN_EMPTY_BODY = YES;
				CLANG_WARN_ENUM_CONVERSION = YES;
				CLANG_WARN_INFINITE_RECURSION = YES;
				CLANG_WARN_INT_CONVERSION = YES;
				CLANG_WARN_NON_LITERAL_NULL_CONVERSION = YES;
				CLANG_WARN_OBJC_IMPLICIT_RETAIN_SELF = YES;
				CLANG_WARN_OBJC_LITERAL_CONVERSION = YES;
				CLANG_WARN_OBJC_ROOT_CLASS = YES_ERROR;
				CLANG_WARN_QUOTED_INCLUDE_IN_FRAMEWORK_HEADER = YES;
				CLANG_WARN_RANGE_LOOP_ANALYSIS = YES;
				CLANG_WARN_STRICT_PROTOTYPES = YES;
				CLANG_WARN_SUSPICIOUS_MOVE = YES;
				CLANG_WARN_UNGUARDED_AVAILABILITY = YES_AGGRESSIVE;
				CLANG_WARN_UNREACHABLE_CODE = YES;
				CLANG_WARN__DUPLICATE_METHOD_MATCH = YES;
				COPY_PHASE_STRIP = NO;
				DEBUG_INFORMATION_FORMAT = dwarf;
				ENABLE_STRICT_OBJC_MSGSEND = YES;
				ENABLE_TESTABILITY = YES;
				GCC_C_LANGUAGE_STANDARD = gnu11;
				GCC_DYNAMIC_NO_PIC = NO;
				GCC_NO_COMMON_BLOCKS = YES;
				GCC_OPTIMIZATION_LEVEL = 0;
				GCC_PREPROCESSOR_DEFINITIONS = (
					"DEBUG=1",
					"$(inherited)",
				);
				GCC_WARN_64_TO_32_BIT_CONVERSION = YES;
				GCC_WARN_ABOUT_RETURN_TYPE = YES_ERROR;
				GCC_WARN_UNDECLARED_SELECTOR = YES;
				GCC_WARN_UNINITIALIZED_AUTOS = YES_AGGRESSIVE;
				GCC_WARN_UNUSED_FUNCTION = YES;
				GCC_WARN_UNUSED_VARIABLE = YES;
				IPHONEOS_DEPLOYMENT_TARGET = 15.0;
				MTL_ENABLE_DEBUG_INFO = INCLUDE_SOURCE;
				MTL_FAST_MATH = YES;
				ONLY_ACTIVE_ARCH = YES;
				SDKROOT = iphoneos;
				SWIFT_ACTIVE_COMPILATION_CONDITIONS = DEBUG;
				SWIFT_OPTIMIZATION_LEVEL = "-Onone";
			};
			name = Debug;
		};
		5AF252432720E27B00D5C1CE /* Release */ = {
			isa = XCBuildConfiguration;
			buildSettings = {
				ALWAYS_SEARCH_USER_PATHS = NO;
				CLANG_ANALYZER_NONNULL = YES;
				CLANG_ANALYZER_NUMBER_OBJECT_CONVERSION = YES_AGGRESSIVE;
				CLANG_CXX_LANGUAGE_STANDARD = "gnu++17";
				CLANG_CXX_LIBRARY = "libc++";
				CLANG_ENABLE_MODULES = YES;
				CLANG_ENABLE_OBJC_ARC = YES;
				CLANG_ENABLE_OBJC_WEAK = YES;
				CLANG_WARN_BLOCK_CAPTURE_AUTORELEASING = YES;
				CLANG_WARN_BOOL_CONVERSION = YES;
				CLANG_WARN_COMMA = YES;
				CLANG_WARN_CONSTANT_CONVERSION = YES;
				CLANG_WARN_DEPRECATED_OBJC_IMPLEMENTATIONS = YES;
				CLANG_WARN_DIRECT_OBJC_ISA_USAGE = YES_ERROR;
				CLANG_WARN_DOCUMENTATION_COMMENTS = YES;
				CLANG_WARN_EMPTY_BODY = YES;
				CLANG_WARN_ENUM_CONVERSION = YES;
				CLANG_WARN_INFINITE_RECURSION = YES;
				CLANG_WARN_INT_CONVERSION = YES;
				CLANG_WARN_NON_LITERAL_NULL_CONVERSION = YES;
				CLANG_WARN_OBJC_IMPLICIT_RETAIN_SELF = YES;
				CLANG_WARN_OBJC_LITERAL_CONVERSION = YES;
				CLANG_WARN_OBJC_ROOT_CLASS = YES_ERROR;
				CLANG_WARN_QUOTED_INCLUDE_IN_FRAMEWORK_HEADER = YES;
				CLANG_WARN_RANGE_LOOP_ANALYSIS = YES;
				CLANG_WARN_STRICT_PROTOTYPES = YES;
				CLANG_WARN_SUSPICIOUS_MOVE = YES;
				CLANG_WARN_UNGUARDED_AVAILABILITY = YES_AGGRESSIVE;
				CLANG_WARN_UNREACHABLE_CODE = YES;
				CLANG_WARN__DUPLICATE_METHOD_MATCH = YES;
				COPY_PHASE_STRIP = NO;
				DEBUG_INFORMATION_FORMAT = "dwarf-with-dsym";
				ENABLE_NS_ASSERTIONS = NO;
				ENABLE_STRICT_OBJC_MSGSEND = YES;
				GCC_C_LANGUAGE_STANDARD = gnu11;
				GCC_NO_COMMON_BLOCKS = YES;
				GCC_WARN_64_TO_32_BIT_CONVERSION = YES;
				GCC_WARN_ABOUT_RETURN_TYPE = YES_ERROR;
				GCC_WARN_UNDECLARED_SELECTOR = YES;
				GCC_WARN_UNINITIALIZED_AUTOS = YES_AGGRESSIVE;
				GCC_WARN_UNUSED_FUNCTION = YES;
				GCC_WARN_UNUSED_VARIABLE = YES;
				IPHONEOS_DEPLOYMENT_TARGET = 15.0;
				MTL_ENABLE_DEBUG_INFO = NO;
				MTL_FAST_MATH = YES;
				SDKROOT = iphoneos;
				SWIFT_COMPILATION_MODE = wholemodule;
				SWIFT_OPTIMIZATION_LEVEL = "-O";
				VALIDATE_PRODUCT = YES;
			};
			name = Release;
		};
		5AF252452720E27B00D5C1CE /* Debug */ = {
			isa = XCBuildConfiguration;
			buildSettings = {
				ALWAYS_EMBED_SWIFT_STANDARD_LIBRARIES = YES;
				ASSETCATALOG_COMPILER_APPICON_NAME = AppIcon;
				ASSETCATALOG_COMPILER_GLOBAL_ACCENT_COLOR_NAME = AccentColor;
				CODE_SIGN_STYLE = Automatic;
				CURRENT_PROJECT_VERSION = 1;
				DEVELOPMENT_ASSET_PATHS = "\"Fitness Challenge/Preview Content\"";
				DEVELOPMENT_TEAM = FHC8TY7TG6;
				ENABLE_PREVIEWS = YES;
				GENERATE_INFOPLIST_FILE = YES;
				INFOPLIST_KEY_UIApplicationSceneManifest_Generation = YES;
				INFOPLIST_KEY_UIApplicationSupportsIndirectInputEvents = YES;
				INFOPLIST_KEY_UILaunchScreen_Generation = YES;
				INFOPLIST_KEY_UISupportedInterfaceOrientations_iPad = "UIInterfaceOrientationPortrait UIInterfaceOrientationPortraitUpsideDown UIInterfaceOrientationLandscapeLeft UIInterfaceOrientationLandscapeRight";
				INFOPLIST_KEY_UISupportedInterfaceOrientations_iPhone = "UIInterfaceOrientationPortrait UIInterfaceOrientationLandscapeLeft UIInterfaceOrientationLandscapeRight";
				IPHONEOS_DEPLOYMENT_TARGET = 14.0;
				LD_RUNPATH_SEARCH_PATHS = (
					"$(inherited)",
					"@executable_path/Frameworks",
				);
				MARKETING_VERSION = 1.0;
				PRODUCT_BUNDLE_IDENTIFIER = "net.davepope.Fitness-Challenge";
				PRODUCT_NAME = "$(TARGET_NAME)";
				SWIFT_EMIT_LOC_STRINGS = YES;
				SWIFT_VERSION = 5.0;
				TARGETED_DEVICE_FAMILY = "1,2";
			};
			name = Debug;
		};
		5AF252462720E27B00D5C1CE /* Release */ = {
			isa = XCBuildConfiguration;
			buildSettings = {
				ALWAYS_EMBED_SWIFT_STANDARD_LIBRARIES = YES;
				ASSETCATALOG_COMPILER_APPICON_NAME = AppIcon;
				ASSETCATALOG_COMPILER_GLOBAL_ACCENT_COLOR_NAME = AccentColor;
				CODE_SIGN_STYLE = Automatic;
				CURRENT_PROJECT_VERSION = 1;
				DEVELOPMENT_ASSET_PATHS = "\"Fitness Challenge/Preview Content\"";
				DEVELOPMENT_TEAM = FHC8TY7TG6;
				ENABLE_PREVIEWS = YES;
				GENERATE_INFOPLIST_FILE = YES;
				INFOPLIST_KEY_UIApplicationSceneManifest_Generation = YES;
				INFOPLIST_KEY_UIApplicationSupportsIndirectInputEvents = YES;
				INFOPLIST_KEY_UILaunchScreen_Generation = YES;
				INFOPLIST_KEY_UISupportedInterfaceOrientations_iPad = "UIInterfaceOrientationPortrait UIInterfaceOrientationPortraitUpsideDown UIInterfaceOrientationLandscapeLeft UIInterfaceOrientationLandscapeRight";
				INFOPLIST_KEY_UISupportedInterfaceOrientations_iPhone = "UIInterfaceOrientationPortrait UIInterfaceOrientationLandscapeLeft UIInterfaceOrientationLandscapeRight";
				IPHONEOS_DEPLOYMENT_TARGET = 14.0;
				LD_RUNPATH_SEARCH_PATHS = (
					"$(inherited)",
					"@executable_path/Frameworks",
				);
				MARKETING_VERSION = 1.0;
				PRODUCT_BUNDLE_IDENTIFIER = "net.davepope.Fitness-Challenge";
				PRODUCT_NAME = "$(TARGET_NAME)";
				SWIFT_EMIT_LOC_STRINGS = YES;
				SWIFT_VERSION = 5.0;
				TARGETED_DEVICE_FAMILY = "1,2";
			};
			name = Release;
		};
/* End XCBuildConfiguration section */

/* Begin XCConfigurationList section */
		5A4505A9277D2CAE00508FB4 /* Build configuration list for PBXNativeTarget "Fitness Challenge WidgetExtension" */ = {
			isa = XCConfigurationList;
			buildConfigurations = (
				5A4505AA277D2CAE00508FB4 /* Debug */,
				5A4505AB277D2CAE00508FB4 /* Release */,
			);
			defaultConfigurationIsVisible = 0;
			defaultConfigurationName = Release;
		};
		5AF2522C2720E27900D5C1CE /* Build configuration list for PBXProject "Fitness Challenge" */ = {
			isa = XCConfigurationList;
			buildConfigurations = (
				5AF252422720E27B00D5C1CE /* Debug */,
				5AF252432720E27B00D5C1CE /* Release */,
			);
			defaultConfigurationIsVisible = 0;
			defaultConfigurationName = Release;
		};
		5AF252442720E27B00D5C1CE /* Build configuration list for PBXNativeTarget "Fitness Challenge" */ = {
			isa = XCConfigurationList;
			buildConfigurations = (
				5AF252452720E27B00D5C1CE /* Debug */,
				5AF252462720E27B00D5C1CE /* Release */,
			);
			defaultConfigurationIsVisible = 0;
			defaultConfigurationName = Release;
		};
/* End XCConfigurationList section */

/* Begin XCRemoteSwiftPackageReference section */
		5A45055E277D138700508FB4 /* XCRemoteSwiftPackageReference "firebase-ios-sdk" */ = {
			isa = XCRemoteSwiftPackageReference;
			repositoryURL = "https://github.com/firebase/firebase-ios-sdk";
			requirement = {
				kind = upToNextMajorVersion;
				minimumVersion = 8.0.0;
			};
		};
/* End XCRemoteSwiftPackageReference section */

/* Begin XCSwiftPackageProductDependency section */
		5A45055F277D138700508FB4 /* FirebaseAnalytics */ = {
			isa = XCSwiftPackageProductDependency;
			package = 5A45055E277D138700508FB4 /* XCRemoteSwiftPackageReference "firebase-ios-sdk" */;
			productName = FirebaseAnalytics;
		};
		5A450561277D138700508FB4 /* FirebaseAnalyticsSwift-Beta */ = {
			isa = XCSwiftPackageProductDependency;
			package = 5A45055E277D138700508FB4 /* XCRemoteSwiftPackageReference "firebase-ios-sdk" */;
			productName = "FirebaseAnalyticsSwift-Beta";
		};
		5A450563277D138700508FB4 /* FirebaseAnalyticsWithoutAdIdSupport */ = {
			isa = XCSwiftPackageProductDependency;
			package = 5A45055E277D138700508FB4 /* XCRemoteSwiftPackageReference "firebase-ios-sdk" */;
			productName = FirebaseAnalyticsWithoutAdIdSupport;
		};
		5A450565277D138700508FB4 /* FirebaseAppCheck */ = {
			isa = XCSwiftPackageProductDependency;
			package = 5A45055E277D138700508FB4 /* XCRemoteSwiftPackageReference "firebase-ios-sdk" */;
			productName = FirebaseAppCheck;
		};
		5A450567277D138700508FB4 /* FirebaseAppDistribution-Beta */ = {
			isa = XCSwiftPackageProductDependency;
			package = 5A45055E277D138700508FB4 /* XCRemoteSwiftPackageReference "firebase-ios-sdk" */;
			productName = "FirebaseAppDistribution-Beta";
		};
		5A450569277D138700508FB4 /* FirebaseAuth */ = {
			isa = XCSwiftPackageProductDependency;
			package = 5A45055E277D138700508FB4 /* XCRemoteSwiftPackageReference "firebase-ios-sdk" */;
			productName = FirebaseAuth;
		};
		5A45056B277D138700508FB4 /* FirebaseAuthCombine-Community */ = {
			isa = XCSwiftPackageProductDependency;
			package = 5A45055E277D138700508FB4 /* XCRemoteSwiftPackageReference "firebase-ios-sdk" */;
			productName = "FirebaseAuthCombine-Community";
		};
		5A45056D277D138700508FB4 /* FirebaseCrashlytics */ = {
			isa = XCSwiftPackageProductDependency;
			package = 5A45055E277D138700508FB4 /* XCRemoteSwiftPackageReference "firebase-ios-sdk" */;
			productName = FirebaseCrashlytics;
		};
		5A45056F277D138700508FB4 /* FirebaseDatabase */ = {
			isa = XCSwiftPackageProductDependency;
			package = 5A45055E277D138700508FB4 /* XCRemoteSwiftPackageReference "firebase-ios-sdk" */;
			productName = FirebaseDatabase;
		};
		5A450571277D138700508FB4 /* FirebaseDatabaseSwift-Beta */ = {
			isa = XCSwiftPackageProductDependency;
			package = 5A45055E277D138700508FB4 /* XCRemoteSwiftPackageReference "firebase-ios-sdk" */;
			productName = "FirebaseDatabaseSwift-Beta";
		};
		5A450573277D138700508FB4 /* FirebaseDynamicLinks */ = {
			isa = XCSwiftPackageProductDependency;
			package = 5A45055E277D138700508FB4 /* XCRemoteSwiftPackageReference "firebase-ios-sdk" */;
			productName = FirebaseDynamicLinks;
		};
		5A450575277D138700508FB4 /* FirebaseFirestore */ = {
			isa = XCSwiftPackageProductDependency;
			package = 5A45055E277D138700508FB4 /* XCRemoteSwiftPackageReference "firebase-ios-sdk" */;
			productName = FirebaseFirestore;
		};
		5A450577277D138700508FB4 /* FirebaseFirestoreCombine-Community */ = {
			isa = XCSwiftPackageProductDependency;
			package = 5A45055E277D138700508FB4 /* XCRemoteSwiftPackageReference "firebase-ios-sdk" */;
			productName = "FirebaseFirestoreCombine-Community";
		};
		5A450579277D138700508FB4 /* FirebaseFirestoreSwift-Beta */ = {
			isa = XCSwiftPackageProductDependency;
			package = 5A45055E277D138700508FB4 /* XCRemoteSwiftPackageReference "firebase-ios-sdk" */;
			productName = "FirebaseFirestoreSwift-Beta";
		};
		5A45057B277D138700508FB4 /* FirebaseFunctions */ = {
			isa = XCSwiftPackageProductDependency;
			package = 5A45055E277D138700508FB4 /* XCRemoteSwiftPackageReference "firebase-ios-sdk" */;
			productName = FirebaseFunctions;
		};
		5A45057D277D138700508FB4 /* FirebaseFunctionsCombine-Community */ = {
			isa = XCSwiftPackageProductDependency;
			package = 5A45055E277D138700508FB4 /* XCRemoteSwiftPackageReference "firebase-ios-sdk" */;
			productName = "FirebaseFunctionsCombine-Community";
		};
		5A45057F277D138700508FB4 /* FirebaseInAppMessaging-Beta */ = {
			isa = XCSwiftPackageProductDependency;
			package = 5A45055E277D138700508FB4 /* XCRemoteSwiftPackageReference "firebase-ios-sdk" */;
			productName = "FirebaseInAppMessaging-Beta";
		};
		5A450581277D138700508FB4 /* FirebaseInAppMessagingSwift-Beta */ = {
			isa = XCSwiftPackageProductDependency;
			package = 5A45055E277D138700508FB4 /* XCRemoteSwiftPackageReference "firebase-ios-sdk" */;
			productName = "FirebaseInAppMessagingSwift-Beta";
		};
		5A450583277D138700508FB4 /* FirebaseInstallations */ = {
			isa = XCSwiftPackageProductDependency;
			package = 5A45055E277D138700508FB4 /* XCRemoteSwiftPackageReference "firebase-ios-sdk" */;
			productName = FirebaseInstallations;
		};
		5A450585277D138700508FB4 /* FirebaseMLModelDownloader */ = {
			isa = XCSwiftPackageProductDependency;
			package = 5A45055E277D138700508FB4 /* XCRemoteSwiftPackageReference "firebase-ios-sdk" */;
			productName = FirebaseMLModelDownloader;
		};
		5A450587277D138700508FB4 /* FirebaseMessaging */ = {
			isa = XCSwiftPackageProductDependency;
			package = 5A45055E277D138700508FB4 /* XCRemoteSwiftPackageReference "firebase-ios-sdk" */;
			productName = FirebaseMessaging;
		};
		5A450589277D138700508FB4 /* FirebasePerformance */ = {
			isa = XCSwiftPackageProductDependency;
			package = 5A45055E277D138700508FB4 /* XCRemoteSwiftPackageReference "firebase-ios-sdk" */;
			productName = FirebasePerformance;
		};
		5A45058B277D138700508FB4 /* FirebaseRemoteConfig */ = {
			isa = XCSwiftPackageProductDependency;
			package = 5A45055E277D138700508FB4 /* XCRemoteSwiftPackageReference "firebase-ios-sdk" */;
			productName = FirebaseRemoteConfig;
		};
		5A45058D277D138700508FB4 /* FirebaseStorage */ = {
			isa = XCSwiftPackageProductDependency;
			package = 5A45055E277D138700508FB4 /* XCRemoteSwiftPackageReference "firebase-ios-sdk" */;
			productName = FirebaseStorage;
		};
		5A45058F277D138700508FB4 /* FirebaseStorageCombine-Community */ = {
			isa = XCSwiftPackageProductDependency;
			package = 5A45055E277D138700508FB4 /* XCRemoteSwiftPackageReference "firebase-ios-sdk" */;
			productName = "FirebaseStorageCombine-Community";
		};
		5A450591277D138700508FB4 /* FirebaseStorageSwift-Beta */ = {
			isa = XCSwiftPackageProductDependency;
			package = 5A45055E277D138700508FB4 /* XCRemoteSwiftPackageReference "firebase-ios-sdk" */;
			productName = "FirebaseStorageSwift-Beta";
		};
/* End XCSwiftPackageProductDependency section */

/* Begin XCVersionGroup section */
		5AF2523F2720E27B00D5C1CE /* Fitness_Challenge.xcdatamodeld */ = {
			isa = XCVersionGroup;
			children = (
				5AF252402720E27B00D5C1CE /* Fitness_Challenge.xcdatamodel */,
			);
			currentVersion = 5AF252402720E27B00D5C1CE /* Fitness_Challenge.xcdatamodel */;
			path = Fitness_Challenge.xcdatamodeld;
			sourceTree = "<group>";
			versionGroupType = wrapper.xcdatamodel;
		};
/* End XCVersionGroup section */
	};
	rootObject = 5AF252292720E27900D5C1CE /* Project object */;
}
